
Microsoft Visual Studio Solution File, Format Version 12.00
# Visual Studio Version 16
VisualStudioVersion = 16.0.29728.190
MinimumVisualStudioVersion = 10.0.40219.1
Project("{9A19103F-16F7-4668-BE54-9A1E7A4F7556}") = "Xamarin.Forms.CustomControls", "Xamarin.Forms.CustomControls\Xamarin.Forms.CustomControls.csproj", "{AE709258-B8C4-4BEB-AD4D-A53E4A4F86EE}"
EndProject
Global
	GlobalSection(SolutionConfigurationPlatforms) = preSolution
		Debug|Any CPU = Debug|Any CPU
		Release|Any CPU = Release|Any CPU
	EndGlobalSection
	GlobalSection(ProjectConfigurationPlatforms) = postSolution
		{AE709258-B8C4-4BEB-AD4D-A53E4A4F86EE}.Debug|Any CPU.ActiveCfg = Debug|Any CPU
		{AE709258-B8C4-4BEB-AD4D-A53E4A4F86EE}.Debug|Any CPU.Build.0 = Debug|Any CPU
		{AE709258-B8C4-4BEB-AD4D-A53E4A4F86EE}.Release|Any CPU.ActiveCfg = Release|Any CPU
		{AE709258-B8C4-4BEB-AD4D-A53E4A4F86EE}.Release|Any CPU.Build.0 = Release|Any CPU
	EndGlobalSection
	GlobalSection(SolutionProperties) = preSolution
		HideSolutionNode = FALSE
	EndGlobalSection
	GlobalSection(ExtensibilityGlobals) = postSolution
		SolutionGuid = {237C4EED-4333-4546-A306-AA8E0DEC4168}
	EndGlobalSection
EndGlobal
